{
  "name": "error-handle-cli",
  "version": "1.0.0",
  "lockfileVersion": 2,
  "requires": true,
  "packages": {
    "": {
      "name": "error-handle-cli",
      "version": "1.0.0",
      "license": "ISC",
      "dependencies": {
        "chalk": "^5.0.1",
        "cli-symbols-log": "^1.0.1"
      }
    },
    "node_modules/chalk": {
      "version": "5.0.1",
      "resolved": "https://registry.npmjs.org/chalk/-/chalk-5.0.1.tgz",
      "integrity": "sha512-Fo07WOYGqMfCWHOzSXOt2CxDbC6skS/jO9ynEcmpANMoPrD+W1r1K6Vx7iNm+AQmETU1Xr2t+n8nzkV9t6xh3w==",
      "engines": {
        "node": "^12.17.0 || ^14.13 || >=16.0.0"
      },
      "funding": {
        "url": "https://github.com/chalk/chalk?sponsor=1"
      }
    },
    "node_modules/cli-symbols-log": {
      "version": "1.0.1",
      "resolved": "https://registry.npmjs.org/cli-symbols-log/-/cli-symbols-log-1.0.1.tgz",
      "integrity": "sha512-J/gWKy+i5sc0TDVSOpmGJo9+XmVoa+HiwmHpJWr18mwGoJw2ZUK69R8TEP2Qrl/93DyepR/xgCR/qJlRBQyqfA==",
      "dependencies": {
        "chalk": "^5.0.1",
        "is-unicode-cli": "^1.0.2"
      },
      "engines": {
        "node": ">=12"
      }
    },
    "node_modules/is-unicode-cli": {
      "version": "1.0.2",
      "resolved": "https://registry.npmjs.org/is-unicode-cli/-/is-unicode-cli-1.0.2.tgz",
      "integrity": "sha512-OGfnkc0SU3rpdQTqQTq5T9wz3hGG7q9EE62AU4oFFfpu2ey1GWfI1Q0zQfhQj2EnZDr8JBW91X64tPV8AkIg7Q=="
    }
  },
  "dependencies": {
    "chalk": {
      "version": "5.0.1",
      "resolved": "https://registry.npmjs.org/chalk/-/chalk-5.0.1.tgz",
      "integrity": "sha512-Fo07WOYGqMfCWHOzSXOt2CxDbC6skS/jO9ynEcmpANMoPrD+W1r1K6Vx7iNm+AQmETU1Xr2t+n8nzkV9t6xh3w=="
    },
    "cli-symbols-log": {
      "version": "1.0.1",
      "resolved": "https://registry.npmjs.org/cli-symbols-log/-/cli-symbols-log-1.0.1.tgz",
      "integrity": "sha512-J/gWKy+i5sc0TDVSOpmGJo9+XmVoa+HiwmHpJWr18mwGoJw2ZUK69R8TEP2Qrl/93DyepR/xgCR/qJlRBQyqfA==",
      "requires": {
        "chalk": "^5.0.1",
        "is-unicode-cli": "^1.0.2"
      }
    },
    "is-unicode-cli": {
      "version": "1.0.2",
      "resolved": "https://registry.npmjs.org/is-unicode-cli/-/is-unicode-cli-1.0.2.tgz",
      "integrity": "sha512-OGfnkc0SU3rpdQTqQTq5T9wz3hGG7q9EE62AU4oFFfpu2ey1GWfI1Q0zQfhQj2EnZDr8JBW91X64tPV8AkIg7Q=="
    }
  }
}
